
Microsoft Visual Studio Solution File, Format Version 12.00
# Visual Studio Version 16
VisualStudioVersion = 16.0.31402.337
MinimumVisualStudioVersion = 10.0.40219.1
Project("{FAE04EC0-301F-11D3-BF4B-00C04F79EFBC}") = "FirstWCFService_077", "FirstWCFService_077.csproj", "{99B940A6-D37B-4C4D-A0EC-DB9E967F1336}"
EndProject
Global
	GlobalSection(SolutionConfigurationPlatforms) = preSolution
		Debug|Any CPU = Debug|Any CPU
		Release|Any CPU = Release|Any CPU
	EndGlobalSection
	GlobalSection(ProjectConfigurationPlatforms) = postSolution
		{99B940A6-D37B-4C4D-A0EC-DB9E967F1336}.Debug|Any CPU.ActiveCfg = Debug|Any CPU
		{99B940A6-D37B-4C4D-A0EC-DB9E967F1336}.Debug|Any CPU.Build.0 = Debug|Any CPU
		{99B940A6-D37B-4C4D-A0EC-DB9E967F1336}.Release|Any CPU.ActiveCfg = Release|Any CPU
		{99B940A6-D37B-4C4D-A0EC-DB9E967F1336}.Release|Any CPU.Build.0 = Release|Any CPU
	EndGlobalSection
	GlobalSection(SolutionProperties) = preSolution
		HideSolutionNode = FALSE
	EndGlobalSection
	GlobalSection(ExtensibilityGlobals) = postSolution
		SolutionGuid = {FE34293C-965F-4325-875E-246F128860A3}
	EndGlobalSection
EndGlobal
